# This file is automatically @generated by Cargo.
# It is not intended for manual editing.
version = 4

[[package]]
name = "dark-renamer-app"
version = "0.1.0"
dependencies = [
 "dark-renamer-core",
 "dark-renamer-platform",
]

[[package]]
name = "dark-renamer-core"
version = "0.1.0"

[[package]]
name = "dark-renamer-platform"
version = "0.1.0"
dependencies = [
 "dark-renamer-core",
]
